
Microsoft Visual Studio Solution File, Format Version 12.00
# Visual Studio Version 16
VisualStudioVersion = 16.0.28803.452
MinimumVisualStudioVersion = 10.0.40219.1
Project("{FAE04EC0-301F-11D3-BF4B-00C04F79EFBC}") = "Database", "Database\Database.csproj", "{07B99EC2-39FC-49D3-B347-8866E73651E3}"
EndProject
Project("{FAE04EC0-301F-11D3-BF4B-00C04F79EFBC}") = "Database.Tests", "Database.Tests\Database.Tests.csproj", "{5795F810-87D3-4FC9-89B3-61985EE6F92B}"
EndProject
Project("{FAE04EC0-301F-11D3-BF4B-00C04F79EFBC}") = "DatabaseExtended", "DatabaseExtended\DatabaseExtended.csproj", "{1CD36E0F-575E-4A79-AED6-260706473182}"
EndProject
Project("{FAE04EC0-301F-11D3-BF4B-00C04F79EFBC}") = "DatabaseExtended.Tests", "DatabaseExtended.Tests\DatabaseExtended.Tests.csproj", "{2CA77E66-6639-40BB-95E7-672D3E22C7DC}"
EndProject
Project("{FAE04EC0-301F-11D3-BF4B-00C04F79EFBC}") = "CarManager", "CarManager\CarManager.csproj", "{9675DFB8-E0F7-4F6C-B63A-1083A58C375B}"
EndProject
Project("{FAE04EC0-301F-11D3-BF4B-00C04F79EFBC}") = "CarManager.Tests", "CarManager.Tests\CarManager.Tests.csproj", "{E1FB916D-50FB-496B-83F9-BDF2F37EA267}"
EndProject
Project("{FAE04EC0-301F-11D3-BF4B-00C04F79EFBC}") = "FightingArena", "FightingArena\FightingArena.csproj", "{C399BAE5-6152-42A7-B368-EC828AA4233E}"
EndProject
Project("{FAE04EC0-301F-11D3-BF4B-00C04F79EFBC}") = "FightingArena.Tests", "FightingArena.Tests\FightingArena.Tests.csproj", "{B06408E4-1E32-4981-AA8F-C32DF68D2B0E}"
EndProject
Project("{FAE04EC0-301F-11D3-BF4B-00C04F79EFBC}") = "Service", "Service\Service.csproj", "{D5D78428-5120-420A-BCBD-E73CB343EDF6}"
EndProject
Project("{FAE04EC0-301F-11D3-BF4B-00C04F79EFBC}") = "Service.Tests", "Service.Tests\Service.Tests.csproj", "{01A9A3C9-B3FB-4751-9168-99440FBECCF0}"
EndProject
Global
	GlobalSection(SolutionConfigurationPlatforms) = preSolution
		Debug|Any CPU = Debug|Any CPU
		Release|Any CPU = Release|Any CPU
	EndGlobalSection
	GlobalSection(ProjectConfigurationPlatforms) = postSolution
		{07B99EC2-39FC-49D3-B347-8866E73651E3}.Debug|Any CPU.ActiveCfg = Debug|Any CPU
		{07B99EC2-39FC-49D3-B347-8866E73651E3}.Debug|Any CPU.Build.0 = Debug|Any CPU
		{07B99EC2-39FC-49D3-B347-8866E73651E3}.Release|Any CPU.ActiveCfg = Release|Any CPU
		{07B99EC2-39FC-49D3-B347-8866E73651E3}.Release|Any CPU.Build.0 = Release|Any CPU
		{5795F810-87D3-4FC9-89B3-61985EE6F92B}.Debug|Any CPU.ActiveCfg = Debug|Any CPU
		{5795F810-87D3-4FC9-89B3-61985EE6F92B}.Debug|Any CPU.Build.0 = Debug|Any CPU
		{5795F810-87D3-4FC9-89B3-61985EE6F92B}.Release|Any CPU.ActiveCfg = Release|Any CPU
		{5795F810-87D3-4FC9-89B3-61985EE6F92B}.Release|Any CPU.Build.0 = Release|Any CPU
		{1CD36E0F-575E-4A79-AED6-260706473182}.Debug|Any CPU.ActiveCfg = Debug|Any CPU
		{1CD36E0F-575E-4A79-AED6-260706473182}.Debug|Any CPU.Build.0 = Debug|Any CPU
		{1CD36E0F-575E-4A79-AED6-260706473182}.Release|Any CPU.ActiveCfg = Release|Any CPU
		{1CD36E0F-575E-4A79-AED6-260706473182}.Release|Any CPU.Build.0 = Release|Any CPU
		{2CA77E66-6639-40BB-95E7-672D3E22C7DC}.Debug|Any CPU.ActiveCfg = Debug|Any CPU
		{2CA77E66-6639-40BB-95E7-672D3E22C7DC}.Debug|Any CPU.Build.0 = Debug|Any CPU
		{2CA77E66-6639-40BB-95E7-672D3E22C7DC}.Release|Any CPU.ActiveCfg = Release|Any CPU
		{2CA77E66-6639-40BB-95E7-672D3E22C7DC}.Release|Any CPU.Build.0 = Release|Any CPU
		{9675DFB8-E0F7-4F6C-B63A-1083A58C375B}.Debug|Any CPU.ActiveCfg = Debug|Any CPU
		{9675DFB8-E0F7-4F6C-B63A-1083A58C375B}.Debug|Any CPU.Build.0 = Debug|Any CPU
		{9675DFB8-E0F7-4F6C-B63A-1083A58C375B}.Release|Any CPU.ActiveCfg = Release|Any CPU
		{9675DFB8-E0F7-4F6C-B63A-1083A58C375B}.Release|Any CPU.Build.0 = Release|Any CPU
		{E1FB916D-50FB-496B-83F9-BDF2F37EA267}.Debug|Any CPU.ActiveCfg = Debug|Any CPU
		{E1FB916D-50FB-496B-83F9-BDF2F37EA267}.Debug|Any CPU.Build.0 = Debug|Any CPU
		{E1FB916D-50FB-496B-83F9-BDF2F37EA267}.Release|Any CPU.ActiveCfg = Release|Any CPU
		{E1FB916D-50FB-496B-83F9-BDF2F37EA267}.Release|Any CPU.Build.0 = Release|Any CPU
		{C399BAE5-6152-42A7-B368-EC828AA4233E}.Debug|Any CPU.ActiveCfg = Debug|Any CPU
		{C399BAE5-6152-42A7-B368-EC828AA4233E}.Debug|Any CPU.Build.0 = Debug|Any CPU
		{C399BAE5-6152-42A7-B368-EC828AA4233E}.Release|Any CPU.ActiveCfg = Release|Any CPU
		{C399BAE5-6152-42A7-B368-EC828AA4233E}.Release|Any CPU.Build.0 = Release|Any CPU
		{B06408E4-1E32-4981-AA8F-C32DF68D2B0E}.Debug|Any CPU.ActiveCfg = Debug|Any CPU
		{B06408E4-1E32-4981-AA8F-C32DF68D2B0E}.Debug|Any CPU.Build.0 = Debug|Any CPU
		{B06408E4-1E32-4981-AA8F-C32DF68D2B0E}.Release|Any CPU.ActiveCfg = Release|Any CPU
		{B06408E4-1E32-4981-AA8F-C32DF68D2B0E}.Release|Any CPU.Build.0 = Release|Any CPU
		{D5D78428-5120-420A-BCBD-E73CB343EDF6}.Debug|Any CPU.ActiveCfg = Debug|Any CPU
		{D5D78428-5120-420A-BCBD-E73CB343EDF6}.Debug|Any CPU.Build.0 = Debug|Any CPU
		{D5D78428-5120-420A-BCBD-E73CB343EDF6}.Release|Any CPU.ActiveCfg = Release|Any CPU
		{D5D78428-5120-420A-BCBD-E73CB343EDF6}.Release|Any CPU.Build.0 = Release|Any CPU
		{01A9A3C9-B3FB-4751-9168-99440FBECCF0}.Debug|Any CPU.ActiveCfg = Debug|Any CPU
		{01A9A3C9-B3FB-4751-9168-99440FBECCF0}.Debug|Any CPU.Build.0 = Debug|Any CPU
		{01A9A3C9-B3FB-4751-9168-99440FBECCF0}.Release|Any CPU.ActiveCfg = Release|Any CPU
		{01A9A3C9-B3FB-4751-9168-99440FBECCF0}.Release|Any CPU.Build.0 = Release|Any CPU
	EndGlobalSection
	GlobalSection(SolutionProperties) = preSolution
		HideSolutionNode = FALSE
	EndGlobalSection
	GlobalSection(ExtensibilityGlobals) = postSolution
		SolutionGuid = {A3DD76D7-D0DA-4CFF-8E86-6848DFD58633}
	EndGlobalSection
EndGlobal
