
Microsoft Visual Studio Solution File, Format Version 12.00
# Visual Studio Version 16
VisualStudioVersion = 16.0.29009.5
MinimumVisualStudioVersion = 10.0.40219.1
Project("{9A19103F-16F7-4668-BE54-9A1E7A4F7556}") = "01RhombusOfStars", "01RhombusOfStars\01RhombusOfStars.csproj", "{EFFC1645-2CEB-4A07-98C9-6E02EEBBD54C}"
EndProject
Project("{9A19103F-16F7-4668-BE54-9A1E7A4F7556}") = "02PointInRectangle", "02PointInRectangle\02PointInRectangle.csproj", "{3BC0F8E2-D6D5-4901-B4E4-5FDA595095D4}"
EndProject
Project("{9A19103F-16F7-4668-BE54-9A1E7A4F7556}") = "04HotelReservation", "04HotelReservation\04HotelReservation.csproj", "{0CF6CC72-4D0B-4A26-A133-2848EAE033B7}"
EndProject
Project("{9A19103F-16F7-4668-BE54-9A1E7A4F7556}") = "03StudentSystemCatalog", "03StudentSystem\03StudentSystemCatalog.csproj", "{6FC456B0-4C91-4169-BC5C-17BD933EEDEF}"
EndProject
Global
	GlobalSection(SolutionConfigurationPlatforms) = preSolution
		Debug|Any CPU = Debug|Any CPU
		Release|Any CPU = Release|Any CPU
	EndGlobalSection
	GlobalSection(ProjectConfigurationPlatforms) = postSolution
		{EFFC1645-2CEB-4A07-98C9-6E02EEBBD54C}.Debug|Any CPU.ActiveCfg = Debug|Any CPU
		{EFFC1645-2CEB-4A07-98C9-6E02EEBBD54C}.Debug|Any CPU.Build.0 = Debug|Any CPU
		{EFFC1645-2CEB-4A07-98C9-6E02EEBBD54C}.Release|Any CPU.ActiveCfg = Release|Any CPU
		{EFFC1645-2CEB-4A07-98C9-6E02EEBBD54C}.Release|Any CPU.Build.0 = Release|Any CPU
		{3BC0F8E2-D6D5-4901-B4E4-5FDA595095D4}.Debug|Any CPU.ActiveCfg = Debug|Any CPU
		{3BC0F8E2-D6D5-4901-B4E4-5FDA595095D4}.Debug|Any CPU.Build.0 = Debug|Any CPU
		{3BC0F8E2-D6D5-4901-B4E4-5FDA595095D4}.Release|Any CPU.ActiveCfg = Release|Any CPU
		{3BC0F8E2-D6D5-4901-B4E4-5FDA595095D4}.Release|Any CPU.Build.0 = Release|Any CPU
		{0CF6CC72-4D0B-4A26-A133-2848EAE033B7}.Debug|Any CPU.ActiveCfg = Debug|Any CPU
		{0CF6CC72-4D0B-4A26-A133-2848EAE033B7}.Debug|Any CPU.Build.0 = Debug|Any CPU
		{0CF6CC72-4D0B-4A26-A133-2848EAE033B7}.Release|Any CPU.ActiveCfg = Release|Any CPU
		{0CF6CC72-4D0B-4A26-A133-2848EAE033B7}.Release|Any CPU.Build.0 = Release|Any CPU
		{6FC456B0-4C91-4169-BC5C-17BD933EEDEF}.Debug|Any CPU.ActiveCfg = Debug|Any CPU
		{6FC456B0-4C91-4169-BC5C-17BD933EEDEF}.Debug|Any CPU.Build.0 = Debug|Any CPU
		{6FC456B0-4C91-4169-BC5C-17BD933EEDEF}.Release|Any CPU.ActiveCfg = Release|Any CPU
		{6FC456B0-4C91-4169-BC5C-17BD933EEDEF}.Release|Any CPU.Build.0 = Release|Any CPU
	EndGlobalSection
	GlobalSection(SolutionProperties) = preSolution
		HideSolutionNode = FALSE
	EndGlobalSection
	GlobalSection(ExtensibilityGlobals) = postSolution
		SolutionGuid = {6E495E8A-A002-4747-B120-99DC4C267B83}
	EndGlobalSection
EndGlobal
