
Microsoft Visual Studio Solution File, Format Version 12.00
# Visual Studio 15
VisualStudioVersion = 15.0.28307.539
MinimumVisualStudioVersion = 10.0.40219.1
Project("{FAE04EC0-301F-11D3-BF4B-00C04F79EFBC}") = "01Dictionary", "01Dictionary\01Dictionary.csproj", "{5C8138EB-D46D-450A-86BD-98A7921C7222}"
EndProject
Project("{FAE04EC0-301F-11D3-BF4B-00C04F79EFBC}") = "02Deciphering", "02Deciphering\02Deciphering.csproj", "{3C3A955B-4240-4F37-9597-1C1C2819AF47}"
EndProject
Global
	GlobalSection(SolutionConfigurationPlatforms) = preSolution
		Debug|Any CPU = Debug|Any CPU
		Release|Any CPU = Release|Any CPU
	EndGlobalSection
	GlobalSection(ProjectConfigurationPlatforms) = postSolution
		{5C8138EB-D46D-450A-86BD-98A7921C7222}.Debug|Any CPU.ActiveCfg = Debug|Any CPU
		{5C8138EB-D46D-450A-86BD-98A7921C7222}.Debug|Any CPU.Build.0 = Debug|Any CPU
		{5C8138EB-D46D-450A-86BD-98A7921C7222}.Release|Any CPU.ActiveCfg = Release|Any CPU
		{5C8138EB-D46D-450A-86BD-98A7921C7222}.Release|Any CPU.Build.0 = Release|Any CPU
		{3C3A955B-4240-4F37-9597-1C1C2819AF47}.Debug|Any CPU.ActiveCfg = Debug|Any CPU
		{3C3A955B-4240-4F37-9597-1C1C2819AF47}.Debug|Any CPU.Build.0 = Debug|Any CPU
		{3C3A955B-4240-4F37-9597-1C1C2819AF47}.Release|Any CPU.ActiveCfg = Release|Any CPU
		{3C3A955B-4240-4F37-9597-1C1C2819AF47}.Release|Any CPU.Build.0 = Release|Any CPU
	EndGlobalSection
	GlobalSection(SolutionProperties) = preSolution
		HideSolutionNode = FALSE
	EndGlobalSection
	GlobalSection(ExtensibilityGlobals) = postSolution
		SolutionGuid = {1C66ECF5-922D-4518-919B-A59916F8A0BF}
	EndGlobalSection
EndGlobal
