
Microsoft Visual Studio Solution File, Format Version 12.00
# Visual Studio Version 16
VisualStudioVersion = 16.0.29025.244
MinimumVisualStudioVersion = 10.0.40219.1
Project("{9A19103F-16F7-4668-BE54-9A1E7A4F7556}") = "01Persons", "01Persons\01Persons.csproj", "{442EC895-0B74-4C0A-B34B-68B1A23913B4}"
EndProject
Project("{9A19103F-16F7-4668-BE54-9A1E7A4F7556}") = "02Salary", "02Salary\02Salary.csproj", "{66C1AA90-0926-4CDB-AEFA-4618D9490FCB}"
EndProject
Project("{9A19103F-16F7-4668-BE54-9A1E7A4F7556}") = "03Validation", "03Validation\03Validation.csproj", "{138F8C2B-38E3-43FE-BF7A-C375F282F2D4}"
EndProject
Project("{9A19103F-16F7-4668-BE54-9A1E7A4F7556}") = "04Team", "04Team\04Team.csproj", "{61253A48-3720-4C44-9997-B6EEE57FC383}"
EndProject
Global
	GlobalSection(SolutionConfigurationPlatforms) = preSolution
		Debug|Any CPU = Debug|Any CPU
		Release|Any CPU = Release|Any CPU
	EndGlobalSection
	GlobalSection(ProjectConfigurationPlatforms) = postSolution
		{442EC895-0B74-4C0A-B34B-68B1A23913B4}.Debug|Any CPU.ActiveCfg = Debug|Any CPU
		{442EC895-0B74-4C0A-B34B-68B1A23913B4}.Debug|Any CPU.Build.0 = Debug|Any CPU
		{442EC895-0B74-4C0A-B34B-68B1A23913B4}.Release|Any CPU.ActiveCfg = Release|Any CPU
		{442EC895-0B74-4C0A-B34B-68B1A23913B4}.Release|Any CPU.Build.0 = Release|Any CPU
		{66C1AA90-0926-4CDB-AEFA-4618D9490FCB}.Debug|Any CPU.ActiveCfg = Debug|Any CPU
		{66C1AA90-0926-4CDB-AEFA-4618D9490FCB}.Debug|Any CPU.Build.0 = Debug|Any CPU
		{66C1AA90-0926-4CDB-AEFA-4618D9490FCB}.Release|Any CPU.ActiveCfg = Release|Any CPU
		{66C1AA90-0926-4CDB-AEFA-4618D9490FCB}.Release|Any CPU.Build.0 = Release|Any CPU
		{138F8C2B-38E3-43FE-BF7A-C375F282F2D4}.Debug|Any CPU.ActiveCfg = Debug|Any CPU
		{138F8C2B-38E3-43FE-BF7A-C375F282F2D4}.Debug|Any CPU.Build.0 = Debug|Any CPU
		{138F8C2B-38E3-43FE-BF7A-C375F282F2D4}.Release|Any CPU.ActiveCfg = Release|Any CPU
		{138F8C2B-38E3-43FE-BF7A-C375F282F2D4}.Release|Any CPU.Build.0 = Release|Any CPU
		{61253A48-3720-4C44-9997-B6EEE57FC383}.Debug|Any CPU.ActiveCfg = Debug|Any CPU
		{61253A48-3720-4C44-9997-B6EEE57FC383}.Debug|Any CPU.Build.0 = Debug|Any CPU
		{61253A48-3720-4C44-9997-B6EEE57FC383}.Release|Any CPU.ActiveCfg = Release|Any CPU
		{61253A48-3720-4C44-9997-B6EEE57FC383}.Release|Any CPU.Build.0 = Release|Any CPU
	EndGlobalSection
	GlobalSection(SolutionProperties) = preSolution
		HideSolutionNode = FALSE
	EndGlobalSection
	GlobalSection(ExtensibilityGlobals) = postSolution
		SolutionGuid = {47264DCE-582F-42D3-9F90-7A5D8A6DB24B}
	EndGlobalSection
EndGlobal
