
Microsoft Visual Studio Solution File, Format Version 12.00
# Visual Studio 15
VisualStudioVersion = 15.0.28307.572
MinimumVisualStudioVersion = 10.0.40219.1
Project("{FAE04EC0-301F-11D3-BF4B-00C04F79EFBC}") = "01VaporWinterSale", "01VaporWinterSale\01VaporWinterSale.csproj", "{117E1168-96F6-4FE0-9A4E-26ED695B2682}"
EndProject
Project("{FAE04EC0-301F-11D3-BF4B-00C04F79EFBC}") = "02ActivationKeys", "02ActivationKeys\02ActivationKeys.csproj", "{2E481C23-F035-4EA2-92B6-4DADB607ECF1}"
EndProject
Global
	GlobalSection(SolutionConfigurationPlatforms) = preSolution
		Debug|Any CPU = Debug|Any CPU
		Release|Any CPU = Release|Any CPU
	EndGlobalSection
	GlobalSection(ProjectConfigurationPlatforms) = postSolution
		{117E1168-96F6-4FE0-9A4E-26ED695B2682}.Debug|Any CPU.ActiveCfg = Debug|Any CPU
		{117E1168-96F6-4FE0-9A4E-26ED695B2682}.Debug|Any CPU.Build.0 = Debug|Any CPU
		{117E1168-96F6-4FE0-9A4E-26ED695B2682}.Release|Any CPU.ActiveCfg = Release|Any CPU
		{117E1168-96F6-4FE0-9A4E-26ED695B2682}.Release|Any CPU.Build.0 = Release|Any CPU
		{2E481C23-F035-4EA2-92B6-4DADB607ECF1}.Debug|Any CPU.ActiveCfg = Debug|Any CPU
		{2E481C23-F035-4EA2-92B6-4DADB607ECF1}.Debug|Any CPU.Build.0 = Debug|Any CPU
		{2E481C23-F035-4EA2-92B6-4DADB607ECF1}.Release|Any CPU.ActiveCfg = Release|Any CPU
		{2E481C23-F035-4EA2-92B6-4DADB607ECF1}.Release|Any CPU.Build.0 = Release|Any CPU
	EndGlobalSection
	GlobalSection(SolutionProperties) = preSolution
		HideSolutionNode = FALSE
	EndGlobalSection
	GlobalSection(ExtensibilityGlobals) = postSolution
		SolutionGuid = {5A031B78-A642-44C4-830C-29BEE1EE442D}
	EndGlobalSection
EndGlobal
