
Microsoft Visual Studio Solution File, Format Version 12.00
# Visual Studio 15
VisualStudioVersion = 15.0.28307.421
MinimumVisualStudioVersion = 10.0.40219.1
Project("{FAE04EC0-301F-11D3-BF4B-00C04F79EFBC}") = "01ChristmasSpirit", "01ChristmasSpirit\01ChristmasSpirit.csproj", "{853B6FFD-0DA2-41F3-AC03-31FF933E0430}"
EndProject
Project("{FAE04EC0-301F-11D3-BF4B-00C04F79EFBC}") = "02Santa'sList", "02Santa'sList\02Santa'sList.csproj", "{1DEA5378-E472-472B-BC71-445C4A7B6768}"
EndProject
Project("{FAE04EC0-301F-11D3-BF4B-00C04F79EFBC}") = "03PresentDelivery", "03PresentDelivery\03PresentDelivery.csproj", "{571DBF0E-E2BF-4780-B8EB-52053BB5F0C0}"
EndProject
Global
	GlobalSection(SolutionConfigurationPlatforms) = preSolution
		Debug|Any CPU = Debug|Any CPU
		Release|Any CPU = Release|Any CPU
	EndGlobalSection
	GlobalSection(ProjectConfigurationPlatforms) = postSolution
		{853B6FFD-0DA2-41F3-AC03-31FF933E0430}.Debug|Any CPU.ActiveCfg = Debug|Any CPU
		{853B6FFD-0DA2-41F3-AC03-31FF933E0430}.Debug|Any CPU.Build.0 = Debug|Any CPU
		{853B6FFD-0DA2-41F3-AC03-31FF933E0430}.Release|Any CPU.ActiveCfg = Release|Any CPU
		{853B6FFD-0DA2-41F3-AC03-31FF933E0430}.Release|Any CPU.Build.0 = Release|Any CPU
		{1DEA5378-E472-472B-BC71-445C4A7B6768}.Debug|Any CPU.ActiveCfg = Debug|Any CPU
		{1DEA5378-E472-472B-BC71-445C4A7B6768}.Debug|Any CPU.Build.0 = Debug|Any CPU
		{1DEA5378-E472-472B-BC71-445C4A7B6768}.Release|Any CPU.ActiveCfg = Release|Any CPU
		{1DEA5378-E472-472B-BC71-445C4A7B6768}.Release|Any CPU.Build.0 = Release|Any CPU
		{571DBF0E-E2BF-4780-B8EB-52053BB5F0C0}.Debug|Any CPU.ActiveCfg = Debug|Any CPU
		{571DBF0E-E2BF-4780-B8EB-52053BB5F0C0}.Debug|Any CPU.Build.0 = Debug|Any CPU
		{571DBF0E-E2BF-4780-B8EB-52053BB5F0C0}.Release|Any CPU.ActiveCfg = Release|Any CPU
		{571DBF0E-E2BF-4780-B8EB-52053BB5F0C0}.Release|Any CPU.Build.0 = Release|Any CPU
	EndGlobalSection
	GlobalSection(SolutionProperties) = preSolution
		HideSolutionNode = FALSE
	EndGlobalSection
	GlobalSection(ExtensibilityGlobals) = postSolution
		SolutionGuid = {97E278F0-D4DF-47D6-9825-9C0BA5792DDE}
	EndGlobalSection
EndGlobal
