
Microsoft Visual Studio Solution File, Format Version 12.00
# Visual Studio Version 16
VisualStudioVersion = 16.0.29102.190
MinimumVisualStudioVersion = 10.0.40219.1
Project("{FAE04EC0-301F-11D3-BF4B-00C04F79EFBC}") = "StorageMaster", "StorageMaster\StorageMaster.csproj", "{EC496DB6-0243-4EF6-A98E-76EE6D7DA880}"
EndProject
Global
	GlobalSection(SolutionConfigurationPlatforms) = preSolution
		Debug|Any CPU = Debug|Any CPU
		Release|Any CPU = Release|Any CPU
	EndGlobalSection
	GlobalSection(ProjectConfigurationPlatforms) = postSolution
		{EC496DB6-0243-4EF6-A98E-76EE6D7DA880}.Debug|Any CPU.ActiveCfg = Debug|Any CPU
		{EC496DB6-0243-4EF6-A98E-76EE6D7DA880}.Debug|Any CPU.Build.0 = Debug|Any CPU
		{EC496DB6-0243-4EF6-A98E-76EE6D7DA880}.Release|Any CPU.ActiveCfg = Release|Any CPU
		{EC496DB6-0243-4EF6-A98E-76EE6D7DA880}.Release|Any CPU.Build.0 = Release|Any CPU
	EndGlobalSection
	GlobalSection(SolutionProperties) = preSolution
		HideSolutionNode = FALSE
	EndGlobalSection
	GlobalSection(ExtensibilityGlobals) = postSolution
		SolutionGuid = {1FDFF771-FDC2-4DE3-8B50-DCDB61DA2788}
	EndGlobalSection
EndGlobal
