
Microsoft Visual Studio Solution File, Format Version 12.00
# Visual Studio Version 16
VisualStudioVersion = 16.0.29009.5
MinimumVisualStudioVersion = 10.0.40219.1
Project("{9A19103F-16F7-4668-BE54-9A1E7A4F7556}") = "01Library", "01Library\01Library.csproj", "{AB7CAAA6-6B5C-4A1D-91A5-7F4E8C5864F3}"
EndProject
Project("{FAE04EC0-301F-11D3-BF4B-00C04F79EFBC}") = "02LibraryIterator", "02LibraryIterator\02LibraryIterator.csproj", "{49DC3C08-ADAE-4202-9139-1F95F3E25AF0}"
EndProject
Project("{FAE04EC0-301F-11D3-BF4B-00C04F79EFBC}") = "03ComparableBook", "03ComparableBook\03ComparableBook.csproj", "{3DB69DE5-FCDC-4B7D-B9FC-828AF8C4B794}"
EndProject
Project("{FAE04EC0-301F-11D3-BF4B-00C04F79EFBC}") = "04BookComparer", "04BookComparer\04BookComparer.csproj", "{3EEDA11D-0958-4E68-A85E-F0075269ECEE}"
EndProject
Global
	GlobalSection(SolutionConfigurationPlatforms) = preSolution
		Debug|Any CPU = Debug|Any CPU
		Release|Any CPU = Release|Any CPU
	EndGlobalSection
	GlobalSection(ProjectConfigurationPlatforms) = postSolution
		{AB7CAAA6-6B5C-4A1D-91A5-7F4E8C5864F3}.Debug|Any CPU.ActiveCfg = Debug|Any CPU
		{AB7CAAA6-6B5C-4A1D-91A5-7F4E8C5864F3}.Debug|Any CPU.Build.0 = Debug|Any CPU
		{AB7CAAA6-6B5C-4A1D-91A5-7F4E8C5864F3}.Release|Any CPU.ActiveCfg = Release|Any CPU
		{AB7CAAA6-6B5C-4A1D-91A5-7F4E8C5864F3}.Release|Any CPU.Build.0 = Release|Any CPU
		{49DC3C08-ADAE-4202-9139-1F95F3E25AF0}.Debug|Any CPU.ActiveCfg = Debug|Any CPU
		{49DC3C08-ADAE-4202-9139-1F95F3E25AF0}.Debug|Any CPU.Build.0 = Debug|Any CPU
		{49DC3C08-ADAE-4202-9139-1F95F3E25AF0}.Release|Any CPU.ActiveCfg = Release|Any CPU
		{49DC3C08-ADAE-4202-9139-1F95F3E25AF0}.Release|Any CPU.Build.0 = Release|Any CPU
		{3DB69DE5-FCDC-4B7D-B9FC-828AF8C4B794}.Debug|Any CPU.ActiveCfg = Debug|Any CPU
		{3DB69DE5-FCDC-4B7D-B9FC-828AF8C4B794}.Debug|Any CPU.Build.0 = Debug|Any CPU
		{3DB69DE5-FCDC-4B7D-B9FC-828AF8C4B794}.Release|Any CPU.ActiveCfg = Release|Any CPU
		{3DB69DE5-FCDC-4B7D-B9FC-828AF8C4B794}.Release|Any CPU.Build.0 = Release|Any CPU
		{3EEDA11D-0958-4E68-A85E-F0075269ECEE}.Debug|Any CPU.ActiveCfg = Debug|Any CPU
		{3EEDA11D-0958-4E68-A85E-F0075269ECEE}.Debug|Any CPU.Build.0 = Debug|Any CPU
		{3EEDA11D-0958-4E68-A85E-F0075269ECEE}.Release|Any CPU.ActiveCfg = Release|Any CPU
		{3EEDA11D-0958-4E68-A85E-F0075269ECEE}.Release|Any CPU.Build.0 = Release|Any CPU
	EndGlobalSection
	GlobalSection(SolutionProperties) = preSolution
		HideSolutionNode = FALSE
	EndGlobalSection
	GlobalSection(ExtensibilityGlobals) = postSolution
		SolutionGuid = {96FC8ED7-1501-477A-B7E5-69B3A711D2B6}
	EndGlobalSection
EndGlobal
