
Microsoft Visual Studio Solution File, Format Version 12.00
# Visual Studio Version 16
VisualStudioVersion = 16.0.29709.97
MinimumVisualStudioVersion = 10.0.40219.1
Project("{9A19103F-16F7-4668-BE54-9A1E7A4F7556}") = "SIS.HTTP", "SIS.HTTP\SIS.HTTP.csproj", "{7855DC04-3A03-45E4-8E13-E351C68FA6A4}"
EndProject
Project("{9A19103F-16F7-4668-BE54-9A1E7A4F7556}") = "SIS.MvcFramework", "SIS.MvcFramework\SIS.MvcFramework.csproj", "{769B0181-6132-4695-8D43-DCB1D5C44BDA}"
EndProject
Project("{9A19103F-16F7-4668-BE54-9A1E7A4F7556}") = "SIS.MvcFramework.Tests", "SIS.MvcFramework.Tests\SIS.MvcFramework.Tests.csproj", "{D225A8AF-CC18-4CC1-B3E3-369EAC5A8D1C}"
EndProject
Project("{2150E333-8FDC-42A3-9474-1A3956D46DE8}") = "Andreys", "Andreys", "{ED8E0434-BE53-45A0-9AF8-A0CB7E91C454}"
EndProject
Project("{FAE04EC0-301F-11D3-BF4B-00C04F79EFBC}") = "Andreys.App", "Andreys\Andreys.App\Andreys.App.csproj", "{020F5CF3-7BE8-434C-8656-36FCEA04A373}"
EndProject
Project("{FAE04EC0-301F-11D3-BF4B-00C04F79EFBC}") = "Andreys.Services", "Andreys\Andreys.Services\Andreys.Services.csproj", "{52555310-5C58-4CB1-8E3E-FA3EEC0111E9}"
EndProject
Project("{FAE04EC0-301F-11D3-BF4B-00C04F79EFBC}") = "Andreys.Models", "Andreys\Andreys.Models\Andreys.Models.csproj", "{F0837FC8-37FB-4524-9704-8C37285DCEC1}"
EndProject
Project("{FAE04EC0-301F-11D3-BF4B-00C04F79EFBC}") = "Andreys.Data", "Andreys\Andreys.Data\Andreys.Data.csproj", "{178A1ECE-DB35-46D3-9D41-3007BE036D8A}"
EndProject
Global
	GlobalSection(SolutionConfigurationPlatforms) = preSolution
		Debug|Any CPU = Debug|Any CPU
		Release|Any CPU = Release|Any CPU
	EndGlobalSection
	GlobalSection(ProjectConfigurationPlatforms) = postSolution
		{7855DC04-3A03-45E4-8E13-E351C68FA6A4}.Debug|Any CPU.ActiveCfg = Debug|Any CPU
		{7855DC04-3A03-45E4-8E13-E351C68FA6A4}.Debug|Any CPU.Build.0 = Debug|Any CPU
		{7855DC04-3A03-45E4-8E13-E351C68FA6A4}.Release|Any CPU.ActiveCfg = Release|Any CPU
		{7855DC04-3A03-45E4-8E13-E351C68FA6A4}.Release|Any CPU.Build.0 = Release|Any CPU
		{769B0181-6132-4695-8D43-DCB1D5C44BDA}.Debug|Any CPU.ActiveCfg = Debug|Any CPU
		{769B0181-6132-4695-8D43-DCB1D5C44BDA}.Debug|Any CPU.Build.0 = Debug|Any CPU
		{769B0181-6132-4695-8D43-DCB1D5C44BDA}.Release|Any CPU.ActiveCfg = Release|Any CPU
		{769B0181-6132-4695-8D43-DCB1D5C44BDA}.Release|Any CPU.Build.0 = Release|Any CPU
		{D225A8AF-CC18-4CC1-B3E3-369EAC5A8D1C}.Debug|Any CPU.ActiveCfg = Debug|Any CPU
		{D225A8AF-CC18-4CC1-B3E3-369EAC5A8D1C}.Debug|Any CPU.Build.0 = Debug|Any CPU
		{D225A8AF-CC18-4CC1-B3E3-369EAC5A8D1C}.Release|Any CPU.ActiveCfg = Release|Any CPU
		{D225A8AF-CC18-4CC1-B3E3-369EAC5A8D1C}.Release|Any CPU.Build.0 = Release|Any CPU
		{020F5CF3-7BE8-434C-8656-36FCEA04A373}.Debug|Any CPU.ActiveCfg = Debug|Any CPU
		{020F5CF3-7BE8-434C-8656-36FCEA04A373}.Debug|Any CPU.Build.0 = Debug|Any CPU
		{020F5CF3-7BE8-434C-8656-36FCEA04A373}.Release|Any CPU.ActiveCfg = Release|Any CPU
		{020F5CF3-7BE8-434C-8656-36FCEA04A373}.Release|Any CPU.Build.0 = Release|Any CPU
		{52555310-5C58-4CB1-8E3E-FA3EEC0111E9}.Debug|Any CPU.ActiveCfg = Debug|Any CPU
		{52555310-5C58-4CB1-8E3E-FA3EEC0111E9}.Debug|Any CPU.Build.0 = Debug|Any CPU
		{52555310-5C58-4CB1-8E3E-FA3EEC0111E9}.Release|Any CPU.ActiveCfg = Release|Any CPU
		{52555310-5C58-4CB1-8E3E-FA3EEC0111E9}.Release|Any CPU.Build.0 = Release|Any CPU
		{F0837FC8-37FB-4524-9704-8C37285DCEC1}.Debug|Any CPU.ActiveCfg = Debug|Any CPU
		{F0837FC8-37FB-4524-9704-8C37285DCEC1}.Debug|Any CPU.Build.0 = Debug|Any CPU
		{F0837FC8-37FB-4524-9704-8C37285DCEC1}.Release|Any CPU.ActiveCfg = Release|Any CPU
		{F0837FC8-37FB-4524-9704-8C37285DCEC1}.Release|Any CPU.Build.0 = Release|Any CPU
		{178A1ECE-DB35-46D3-9D41-3007BE036D8A}.Debug|Any CPU.ActiveCfg = Debug|Any CPU
		{178A1ECE-DB35-46D3-9D41-3007BE036D8A}.Debug|Any CPU.Build.0 = Debug|Any CPU
		{178A1ECE-DB35-46D3-9D41-3007BE036D8A}.Release|Any CPU.ActiveCfg = Release|Any CPU
		{178A1ECE-DB35-46D3-9D41-3007BE036D8A}.Release|Any CPU.Build.0 = Release|Any CPU
	EndGlobalSection
	GlobalSection(SolutionProperties) = preSolution
		HideSolutionNode = FALSE
	EndGlobalSection
	GlobalSection(NestedProjects) = preSolution
		{020F5CF3-7BE8-434C-8656-36FCEA04A373} = {ED8E0434-BE53-45A0-9AF8-A0CB7E91C454}
		{52555310-5C58-4CB1-8E3E-FA3EEC0111E9} = {ED8E0434-BE53-45A0-9AF8-A0CB7E91C454}
		{F0837FC8-37FB-4524-9704-8C37285DCEC1} = {ED8E0434-BE53-45A0-9AF8-A0CB7E91C454}
		{178A1ECE-DB35-46D3-9D41-3007BE036D8A} = {ED8E0434-BE53-45A0-9AF8-A0CB7E91C454}
	EndGlobalSection
	GlobalSection(ExtensibilityGlobals) = postSolution
		SolutionGuid = {CEA9858C-A70C-4DAC-A4B5-9393A32A9B82}
	EndGlobalSection
EndGlobal
