
Microsoft Visual Studio Solution File, Format Version 12.00
# Visual Studio 15
VisualStudioVersion = 15.0.28307.572
MinimumVisualStudioVersion = 10.0.40219.1
Project("{9A19103F-16F7-4668-BE54-9A1E7A4F7556}") = "MortalEngines", "MortalEngines\MortalEngines.csproj", "{45AEE093-3C97-4EA1-A0E4-A871374A9B76}"
EndProject
Global
	GlobalSection(SolutionConfigurationPlatforms) = preSolution
		Debug|Any CPU = Debug|Any CPU
		Release|Any CPU = Release|Any CPU
	EndGlobalSection
	GlobalSection(ProjectConfigurationPlatforms) = postSolution
		{45AEE093-3C97-4EA1-A0E4-A871374A9B76}.Debug|Any CPU.ActiveCfg = Debug|Any CPU
		{45AEE093-3C97-4EA1-A0E4-A871374A9B76}.Debug|Any CPU.Build.0 = Debug|Any CPU
		{45AEE093-3C97-4EA1-A0E4-A871374A9B76}.Release|Any CPU.ActiveCfg = Release|Any CPU
		{45AEE093-3C97-4EA1-A0E4-A871374A9B76}.Release|Any CPU.Build.0 = Release|Any CPU
	EndGlobalSection
	GlobalSection(SolutionProperties) = preSolution
		HideSolutionNode = FALSE
	EndGlobalSection
	GlobalSection(ExtensibilityGlobals) = postSolution
		SolutionGuid = {DDFF9EA0-0BF1-4110-A250-F7A4D1E97976}
	EndGlobalSection
EndGlobal
