
Microsoft Visual Studio Solution File, Format Version 12.00
# Visual Studio 15
VisualStudioVersion = 15.0.28307.421
MinimumVisualStudioVersion = 10.0.40219.1
Project("{FAE04EC0-301F-11D3-BF4B-00C04F79EFBC}") = "01SmallestOfThreeNumbers", "01SmallestOfThreeNumbers\01SmallestOfThreeNumbers.csproj", "{32ABF21A-FA90-4170-9ADF-0958F5AFA80B}"
EndProject
Project("{FAE04EC0-301F-11D3-BF4B-00C04F79EFBC}") = "02VowelsCount", "02VowelsCount\02VowelsCount.csproj", "{E0768FB0-375C-4143-ADA3-214C15B41A64}"
EndProject
Project("{FAE04EC0-301F-11D3-BF4B-00C04F79EFBC}") = "03CharactersInRange", "03CharactersInRange\03CharactersInRange.csproj", "{0657DCFD-1768-4433-9578-660625AD225E}"
EndProject
Project("{FAE04EC0-301F-11D3-BF4B-00C04F79EFBC}") = "04PasswordValidator", "04PasswordValidator\04PasswordValidator.csproj", "{EFB9DD38-52C2-4E07-9D86-5E2A21659258}"
EndProject
Project("{FAE04EC0-301F-11D3-BF4B-00C04F79EFBC}") = "05AddAndSubtract", "05AddAndSubtract\05AddAndSubtract.csproj", "{AFC8D3AA-CCA4-4EBC-AEA9-9DDD1F01DDCF}"
EndProject
Project("{FAE04EC0-301F-11D3-BF4B-00C04F79EFBC}") = "06MiddleCharacters", "06MiddleCharacters\06MiddleCharacters.csproj", "{AAA63546-9403-425C-A1BB-F307A5DFCD57}"
EndProject
Project("{FAE04EC0-301F-11D3-BF4B-00C04F79EFBC}") = "07NxNMatrix", "07NxNMatrix\07NxNMatrix.csproj", "{C54F8E33-9F70-49A4-A454-65A8D7233865}"
EndProject
Project("{FAE04EC0-301F-11D3-BF4B-00C04F79EFBC}") = "08FactorialDivision", "08FactorialDivision\08FactorialDivision.csproj", "{36D94D83-EFE3-4A0E-8EA4-853D7855FCD8}"
EndProject
Project("{FAE04EC0-301F-11D3-BF4B-00C04F79EFBC}") = "09PalindromeIntegers", "09PalindromeIntegers\09PalindromeIntegers.csproj", "{325F301C-9398-4565-A96B-4C2C0487A7C8}"
EndProject
Project("{FAE04EC0-301F-11D3-BF4B-00C04F79EFBC}") = "10TopNumber", "10TopNumber\10TopNumber.csproj", "{7D72193E-DA92-46BC-A719-6539B9074DA5}"
EndProject
Project("{FAE04EC0-301F-11D3-BF4B-00C04F79EFBC}") = "11ArrayManipulator", "11ArrayManipulator\11ArrayManipulator.csproj", "{D420AC43-01B4-437E-BE8D-94D842D1BBA2}"
EndProject
Global
	GlobalSection(SolutionConfigurationPlatforms) = preSolution
		Debug|Any CPU = Debug|Any CPU
		Release|Any CPU = Release|Any CPU
	EndGlobalSection
	GlobalSection(ProjectConfigurationPlatforms) = postSolution
		{32ABF21A-FA90-4170-9ADF-0958F5AFA80B}.Debug|Any CPU.ActiveCfg = Debug|Any CPU
		{32ABF21A-FA90-4170-9ADF-0958F5AFA80B}.Debug|Any CPU.Build.0 = Debug|Any CPU
		{32ABF21A-FA90-4170-9ADF-0958F5AFA80B}.Release|Any CPU.ActiveCfg = Release|Any CPU
		{32ABF21A-FA90-4170-9ADF-0958F5AFA80B}.Release|Any CPU.Build.0 = Release|Any CPU
		{E0768FB0-375C-4143-ADA3-214C15B41A64}.Debug|Any CPU.ActiveCfg = Debug|Any CPU
		{E0768FB0-375C-4143-ADA3-214C15B41A64}.Debug|Any CPU.Build.0 = Debug|Any CPU
		{E0768FB0-375C-4143-ADA3-214C15B41A64}.Release|Any CPU.ActiveCfg = Release|Any CPU
		{E0768FB0-375C-4143-ADA3-214C15B41A64}.Release|Any CPU.Build.0 = Release|Any CPU
		{0657DCFD-1768-4433-9578-660625AD225E}.Debug|Any CPU.ActiveCfg = Debug|Any CPU
		{0657DCFD-1768-4433-9578-660625AD225E}.Debug|Any CPU.Build.0 = Debug|Any CPU
		{0657DCFD-1768-4433-9578-660625AD225E}.Release|Any CPU.ActiveCfg = Release|Any CPU
		{0657DCFD-1768-4433-9578-660625AD225E}.Release|Any CPU.Build.0 = Release|Any CPU
		{EFB9DD38-52C2-4E07-9D86-5E2A21659258}.Debug|Any CPU.ActiveCfg = Debug|Any CPU
		{EFB9DD38-52C2-4E07-9D86-5E2A21659258}.Debug|Any CPU.Build.0 = Debug|Any CPU
		{EFB9DD38-52C2-4E07-9D86-5E2A21659258}.Release|Any CPU.ActiveCfg = Release|Any CPU
		{EFB9DD38-52C2-4E07-9D86-5E2A21659258}.Release|Any CPU.Build.0 = Release|Any CPU
		{AFC8D3AA-CCA4-4EBC-AEA9-9DDD1F01DDCF}.Debug|Any CPU.ActiveCfg = Debug|Any CPU
		{AFC8D3AA-CCA4-4EBC-AEA9-9DDD1F01DDCF}.Debug|Any CPU.Build.0 = Debug|Any CPU
		{AFC8D3AA-CCA4-4EBC-AEA9-9DDD1F01DDCF}.Release|Any CPU.ActiveCfg = Release|Any CPU
		{AFC8D3AA-CCA4-4EBC-AEA9-9DDD1F01DDCF}.Release|Any CPU.Build.0 = Release|Any CPU
		{AAA63546-9403-425C-A1BB-F307A5DFCD57}.Debug|Any CPU.ActiveCfg = Debug|Any CPU
		{AAA63546-9403-425C-A1BB-F307A5DFCD57}.Debug|Any CPU.Build.0 = Debug|Any CPU
		{AAA63546-9403-425C-A1BB-F307A5DFCD57}.Release|Any CPU.ActiveCfg = Release|Any CPU
		{AAA63546-9403-425C-A1BB-F307A5DFCD57}.Release|Any CPU.Build.0 = Release|Any CPU
		{C54F8E33-9F70-49A4-A454-65A8D7233865}.Debug|Any CPU.ActiveCfg = Debug|Any CPU
		{C54F8E33-9F70-49A4-A454-65A8D7233865}.Debug|Any CPU.Build.0 = Debug|Any CPU
		{C54F8E33-9F70-49A4-A454-65A8D7233865}.Release|Any CPU.ActiveCfg = Release|Any CPU
		{C54F8E33-9F70-49A4-A454-65A8D7233865}.Release|Any CPU.Build.0 = Release|Any CPU
		{36D94D83-EFE3-4A0E-8EA4-853D7855FCD8}.Debug|Any CPU.ActiveCfg = Debug|Any CPU
		{36D94D83-EFE3-4A0E-8EA4-853D7855FCD8}.Debug|Any CPU.Build.0 = Debug|Any CPU
		{36D94D83-EFE3-4A0E-8EA4-853D7855FCD8}.Release|Any CPU.ActiveCfg = Release|Any CPU
		{36D94D83-EFE3-4A0E-8EA4-853D7855FCD8}.Release|Any CPU.Build.0 = Release|Any CPU
		{325F301C-9398-4565-A96B-4C2C0487A7C8}.Debug|Any CPU.ActiveCfg = Debug|Any CPU
		{325F301C-9398-4565-A96B-4C2C0487A7C8}.Debug|Any CPU.Build.0 = Debug|Any CPU
		{325F301C-9398-4565-A96B-4C2C0487A7C8}.Release|Any CPU.ActiveCfg = Release|Any CPU
		{325F301C-9398-4565-A96B-4C2C0487A7C8}.Release|Any CPU.Build.0 = Release|Any CPU
		{7D72193E-DA92-46BC-A719-6539B9074DA5}.Debug|Any CPU.ActiveCfg = Debug|Any CPU
		{7D72193E-DA92-46BC-A719-6539B9074DA5}.Debug|Any CPU.Build.0 = Debug|Any CPU
		{7D72193E-DA92-46BC-A719-6539B9074DA5}.Release|Any CPU.ActiveCfg = Release|Any CPU
		{7D72193E-DA92-46BC-A719-6539B9074DA5}.Release|Any CPU.Build.0 = Release|Any CPU
		{D420AC43-01B4-437E-BE8D-94D842D1BBA2}.Debug|Any CPU.ActiveCfg = Debug|Any CPU
		{D420AC43-01B4-437E-BE8D-94D842D1BBA2}.Debug|Any CPU.Build.0 = Debug|Any CPU
		{D420AC43-01B4-437E-BE8D-94D842D1BBA2}.Release|Any CPU.ActiveCfg = Release|Any CPU
		{D420AC43-01B4-437E-BE8D-94D842D1BBA2}.Release|Any CPU.Build.0 = Release|Any CPU
	EndGlobalSection
	GlobalSection(SolutionProperties) = preSolution
		HideSolutionNode = FALSE
	EndGlobalSection
	GlobalSection(ExtensibilityGlobals) = postSolution
		SolutionGuid = {EF2A6BA8-369E-4B6F-A5C6-AAD37D317D52}
	EndGlobalSection
EndGlobal
