
Microsoft Visual Studio Solution File, Format Version 12.00
# Visual Studio Version 16
VisualStudioVersion = 16.0.28803.452
MinimumVisualStudioVersion = 10.0.40219.1
Project("{FAE04EC0-301F-11D3-BF4B-00C04F79EFBC}") = "CommandPattern", "CommandPattern\CommandPattern.csproj", "{43D01CAD-5F3E-4393-BCDA-8373A35CED49}"
EndProject
Project("{FAE04EC0-301F-11D3-BF4B-00C04F79EFBC}") = "ValidationAttributes", "ValidationAttributes\ValidationAttributes.csproj", "{F6434B66-8D22-4B97-9153-5F4360B5C278}"
EndProject
Global
	GlobalSection(SolutionConfigurationPlatforms) = preSolution
		Debug|Any CPU = Debug|Any CPU
		Release|Any CPU = Release|Any CPU
	EndGlobalSection
	GlobalSection(ProjectConfigurationPlatforms) = postSolution
		{43D01CAD-5F3E-4393-BCDA-8373A35CED49}.Debug|Any CPU.ActiveCfg = Debug|Any CPU
		{43D01CAD-5F3E-4393-BCDA-8373A35CED49}.Debug|Any CPU.Build.0 = Debug|Any CPU
		{43D01CAD-5F3E-4393-BCDA-8373A35CED49}.Release|Any CPU.ActiveCfg = Release|Any CPU
		{43D01CAD-5F3E-4393-BCDA-8373A35CED49}.Release|Any CPU.Build.0 = Release|Any CPU
		{F6434B66-8D22-4B97-9153-5F4360B5C278}.Debug|Any CPU.ActiveCfg = Debug|Any CPU
		{F6434B66-8D22-4B97-9153-5F4360B5C278}.Debug|Any CPU.Build.0 = Debug|Any CPU
		{F6434B66-8D22-4B97-9153-5F4360B5C278}.Release|Any CPU.ActiveCfg = Release|Any CPU
		{F6434B66-8D22-4B97-9153-5F4360B5C278}.Release|Any CPU.Build.0 = Release|Any CPU
	EndGlobalSection
	GlobalSection(SolutionProperties) = preSolution
		HideSolutionNode = FALSE
	EndGlobalSection
	GlobalSection(ExtensibilityGlobals) = postSolution
		SolutionGuid = {37CC7652-AE77-4CD5-8119-BEC57F31DF9F}
	EndGlobalSection
EndGlobal
