
Microsoft Visual Studio Solution File, Format Version 12.00
# Visual Studio Version 16
VisualStudioVersion = 16.0.28803.352
MinimumVisualStudioVersion = 10.0.40219.1
Project("{FAE04EC0-301F-11D3-BF4B-00C04F79EFBC}") = "01EasterCozonacs", "01EasterCozonacs\01EasterCozonacs.csproj", "{8B6093EE-DEC7-46D1-9EC9-FF76120BD1A3}"
EndProject
Project("{FAE04EC0-301F-11D3-BF4B-00C04F79EFBC}") = "02EasterGifts", "02EasterGifts\02EasterGifts.csproj", "{0D6D508A-6355-4188-9834-9E70A4F8B574}"
EndProject
Project("{FAE04EC0-301F-11D3-BF4B-00C04F79EFBC}") = "03EasterShopping", "03EasterShopping\03EasterShopping.csproj", "{132B77E9-BE8B-42FE-8566-5BDD08EDB32B}"
EndProject
Global
	GlobalSection(SolutionConfigurationPlatforms) = preSolution
		Debug|Any CPU = Debug|Any CPU
		Release|Any CPU = Release|Any CPU
	EndGlobalSection
	GlobalSection(ProjectConfigurationPlatforms) = postSolution
		{8B6093EE-DEC7-46D1-9EC9-FF76120BD1A3}.Debug|Any CPU.ActiveCfg = Debug|Any CPU
		{8B6093EE-DEC7-46D1-9EC9-FF76120BD1A3}.Debug|Any CPU.Build.0 = Debug|Any CPU
		{8B6093EE-DEC7-46D1-9EC9-FF76120BD1A3}.Release|Any CPU.ActiveCfg = Release|Any CPU
		{8B6093EE-DEC7-46D1-9EC9-FF76120BD1A3}.Release|Any CPU.Build.0 = Release|Any CPU
		{0D6D508A-6355-4188-9834-9E70A4F8B574}.Debug|Any CPU.ActiveCfg = Debug|Any CPU
		{0D6D508A-6355-4188-9834-9E70A4F8B574}.Debug|Any CPU.Build.0 = Debug|Any CPU
		{0D6D508A-6355-4188-9834-9E70A4F8B574}.Release|Any CPU.ActiveCfg = Release|Any CPU
		{0D6D508A-6355-4188-9834-9E70A4F8B574}.Release|Any CPU.Build.0 = Release|Any CPU
		{132B77E9-BE8B-42FE-8566-5BDD08EDB32B}.Debug|Any CPU.ActiveCfg = Debug|Any CPU
		{132B77E9-BE8B-42FE-8566-5BDD08EDB32B}.Debug|Any CPU.Build.0 = Debug|Any CPU
		{132B77E9-BE8B-42FE-8566-5BDD08EDB32B}.Release|Any CPU.ActiveCfg = Release|Any CPU
		{132B77E9-BE8B-42FE-8566-5BDD08EDB32B}.Release|Any CPU.Build.0 = Release|Any CPU
	EndGlobalSection
	GlobalSection(SolutionProperties) = preSolution
		HideSolutionNode = FALSE
	EndGlobalSection
	GlobalSection(ExtensibilityGlobals) = postSolution
		SolutionGuid = {50C2CBDB-ECC4-435D-A72E-1ABF246A41F7}
	EndGlobalSection
EndGlobal
