
Microsoft Visual Studio Solution File, Format Version 12.00
# Visual Studio Version 16
VisualStudioVersion = 16.0.29009.5
MinimumVisualStudioVersion = 10.0.40219.1
Project("{9A19103F-16F7-4668-BE54-9A1E7A4F7556}") = "01TheGarden", "01\01TheGarden.csproj", "{F45FCA32-1167-440E-8B07-364496CBD416}"
EndProject
Project("{9A19103F-16F7-4668-BE54-9A1E7A4F7556}") = "02MakeASalad", "02\02MakeASalad.csproj", "{BB90FBE3-3443-461A-8DBE-E474F40BAE7A}"
EndProject
Project("{9A19103F-16F7-4668-BE54-9A1E7A4F7556}") = "03HealthyHeaven", "..\..\..\Downloads\HealthyHeaven\03HealthyHeaven.csproj", "{AD25784E-742F-4B98-89AF-450B1C79F47C}"
EndProject
Global
	GlobalSection(SolutionConfigurationPlatforms) = preSolution
		Debug|Any CPU = Debug|Any CPU
		Release|Any CPU = Release|Any CPU
	EndGlobalSection
	GlobalSection(ProjectConfigurationPlatforms) = postSolution
		{F45FCA32-1167-440E-8B07-364496CBD416}.Debug|Any CPU.ActiveCfg = Debug|Any CPU
		{F45FCA32-1167-440E-8B07-364496CBD416}.Debug|Any CPU.Build.0 = Debug|Any CPU
		{F45FCA32-1167-440E-8B07-364496CBD416}.Release|Any CPU.ActiveCfg = Release|Any CPU
		{F45FCA32-1167-440E-8B07-364496CBD416}.Release|Any CPU.Build.0 = Release|Any CPU
		{BB90FBE3-3443-461A-8DBE-E474F40BAE7A}.Debug|Any CPU.ActiveCfg = Debug|Any CPU
		{BB90FBE3-3443-461A-8DBE-E474F40BAE7A}.Debug|Any CPU.Build.0 = Debug|Any CPU
		{BB90FBE3-3443-461A-8DBE-E474F40BAE7A}.Release|Any CPU.ActiveCfg = Release|Any CPU
		{BB90FBE3-3443-461A-8DBE-E474F40BAE7A}.Release|Any CPU.Build.0 = Release|Any CPU
		{AD25784E-742F-4B98-89AF-450B1C79F47C}.Debug|Any CPU.ActiveCfg = Debug|Any CPU
		{AD25784E-742F-4B98-89AF-450B1C79F47C}.Debug|Any CPU.Build.0 = Debug|Any CPU
		{AD25784E-742F-4B98-89AF-450B1C79F47C}.Release|Any CPU.ActiveCfg = Release|Any CPU
		{AD25784E-742F-4B98-89AF-450B1C79F47C}.Release|Any CPU.Build.0 = Release|Any CPU
	EndGlobalSection
	GlobalSection(SolutionProperties) = preSolution
		HideSolutionNode = FALSE
	EndGlobalSection
	GlobalSection(ExtensibilityGlobals) = postSolution
		SolutionGuid = {F42A380A-00F3-4B67-B1E8-7B20005A5EFB}
	EndGlobalSection
EndGlobal
