
Microsoft Visual Studio Solution File, Format Version 12.00
# Visual Studio 15
VisualStudioVersion = 15.0.28307.106
MinimumVisualStudioVersion = 10.0.40219.1
Project("{FAE04EC0-301F-11D3-BF4B-00C04F79EFBC}") = "FastFood.Web", "FastFood.Web\FastFood.Web.csproj", "{69BE55DE-ED28-41C3-80EE-B8F992C7C464}"
EndProject
Project("{FAE04EC0-301F-11D3-BF4B-00C04F79EFBC}") = "FastFood.Data", "FastFood.Data\FastFood.Data.csproj", "{053243E1-9204-4B39-ACA3-7E4FA7C1C2FA}"
EndProject
Project("{FAE04EC0-301F-11D3-BF4B-00C04F79EFBC}") = "FastFood.Models", "FastFood.Models\FastFood.Models.csproj", "{C6BCD549-980D-460D-AF9C-3775FF70F18A}"
EndProject
Global
	GlobalSection(SolutionConfigurationPlatforms) = preSolution
		Debug|Any CPU = Debug|Any CPU
		Release|Any CPU = Release|Any CPU
	EndGlobalSection
	GlobalSection(ProjectConfigurationPlatforms) = postSolution
		{69BE55DE-ED28-41C3-80EE-B8F992C7C464}.Debug|Any CPU.ActiveCfg = Debug|Any CPU
		{69BE55DE-ED28-41C3-80EE-B8F992C7C464}.Debug|Any CPU.Build.0 = Debug|Any CPU
		{69BE55DE-ED28-41C3-80EE-B8F992C7C464}.Release|Any CPU.ActiveCfg = Release|Any CPU
		{69BE55DE-ED28-41C3-80EE-B8F992C7C464}.Release|Any CPU.Build.0 = Release|Any CPU
		{053243E1-9204-4B39-ACA3-7E4FA7C1C2FA}.Debug|Any CPU.ActiveCfg = Debug|Any CPU
		{053243E1-9204-4B39-ACA3-7E4FA7C1C2FA}.Debug|Any CPU.Build.0 = Debug|Any CPU
		{053243E1-9204-4B39-ACA3-7E4FA7C1C2FA}.Release|Any CPU.ActiveCfg = Release|Any CPU
		{053243E1-9204-4B39-ACA3-7E4FA7C1C2FA}.Release|Any CPU.Build.0 = Release|Any CPU
		{C6BCD549-980D-460D-AF9C-3775FF70F18A}.Debug|Any CPU.ActiveCfg = Debug|Any CPU
		{C6BCD549-980D-460D-AF9C-3775FF70F18A}.Debug|Any CPU.Build.0 = Debug|Any CPU
		{C6BCD549-980D-460D-AF9C-3775FF70F18A}.Release|Any CPU.ActiveCfg = Release|Any CPU
		{C6BCD549-980D-460D-AF9C-3775FF70F18A}.Release|Any CPU.Build.0 = Release|Any CPU
	EndGlobalSection
	GlobalSection(SolutionProperties) = preSolution
		HideSolutionNode = FALSE
	EndGlobalSection
	GlobalSection(ExtensibilityGlobals) = postSolution
		SolutionGuid = {8399E8A4-2511-4BC0-9045-586B90C7EF8C}
	EndGlobalSection
EndGlobal
