
Microsoft Visual Studio Solution File, Format Version 12.00
# Visual Studio Version 16
VisualStudioVersion = 16.0.28803.352
MinimumVisualStudioVersion = 10.0.40219.1
Project("{FAE04EC0-301F-11D3-BF4B-00C04F79EFBC}") = "01BonusSystem", "01Bonus System\01BonusSystem.csproj", "{DF806D76-A48B-4492-938B-6EA55EF1348E}"
EndProject
Project("{FAE04EC0-301F-11D3-BF4B-00C04F79EFBC}") = "02NascarQualifications", "02NascarQualifications\02NascarQualifications.csproj", "{C6E3956B-A637-4011-B1CE-B2FB6B9D63B6}"
EndProject
Project("{FAE04EC0-301F-11D3-BF4B-00C04F79EFBC}") = "03EmojiSumator", "03EmojiSumator\03EmojiSumator.csproj", "{1FB4511D-7C8D-4C6A-AAD1-BCF880E6FF46}"
EndProject
Project("{FAE04EC0-301F-11D3-BF4B-00C04F79EFBC}") = "04InternationalSoftUniada", "04InternationalSoftUniada\04InternationalSoftUniada.csproj", "{8F7409B4-38EF-4976-8EBB-2CBBF7B4902F}"
EndProject
Global
	GlobalSection(SolutionConfigurationPlatforms) = preSolution
		Debug|Any CPU = Debug|Any CPU
		Release|Any CPU = Release|Any CPU
	EndGlobalSection
	GlobalSection(ProjectConfigurationPlatforms) = postSolution
		{DF806D76-A48B-4492-938B-6EA55EF1348E}.Debug|Any CPU.ActiveCfg = Debug|Any CPU
		{DF806D76-A48B-4492-938B-6EA55EF1348E}.Debug|Any CPU.Build.0 = Debug|Any CPU
		{DF806D76-A48B-4492-938B-6EA55EF1348E}.Release|Any CPU.ActiveCfg = Release|Any CPU
		{DF806D76-A48B-4492-938B-6EA55EF1348E}.Release|Any CPU.Build.0 = Release|Any CPU
		{C6E3956B-A637-4011-B1CE-B2FB6B9D63B6}.Debug|Any CPU.ActiveCfg = Debug|Any CPU
		{C6E3956B-A637-4011-B1CE-B2FB6B9D63B6}.Debug|Any CPU.Build.0 = Debug|Any CPU
		{C6E3956B-A637-4011-B1CE-B2FB6B9D63B6}.Release|Any CPU.ActiveCfg = Release|Any CPU
		{C6E3956B-A637-4011-B1CE-B2FB6B9D63B6}.Release|Any CPU.Build.0 = Release|Any CPU
		{1FB4511D-7C8D-4C6A-AAD1-BCF880E6FF46}.Debug|Any CPU.ActiveCfg = Debug|Any CPU
		{1FB4511D-7C8D-4C6A-AAD1-BCF880E6FF46}.Debug|Any CPU.Build.0 = Debug|Any CPU
		{1FB4511D-7C8D-4C6A-AAD1-BCF880E6FF46}.Release|Any CPU.ActiveCfg = Release|Any CPU
		{1FB4511D-7C8D-4C6A-AAD1-BCF880E6FF46}.Release|Any CPU.Build.0 = Release|Any CPU
		{8F7409B4-38EF-4976-8EBB-2CBBF7B4902F}.Debug|Any CPU.ActiveCfg = Debug|Any CPU
		{8F7409B4-38EF-4976-8EBB-2CBBF7B4902F}.Debug|Any CPU.Build.0 = Debug|Any CPU
		{8F7409B4-38EF-4976-8EBB-2CBBF7B4902F}.Release|Any CPU.ActiveCfg = Release|Any CPU
		{8F7409B4-38EF-4976-8EBB-2CBBF7B4902F}.Release|Any CPU.Build.0 = Release|Any CPU
	EndGlobalSection
	GlobalSection(SolutionProperties) = preSolution
		HideSolutionNode = FALSE
	EndGlobalSection
	GlobalSection(ExtensibilityGlobals) = postSolution
		SolutionGuid = {D7CA1815-08AA-4FC1-81AF-90A2B1FF3D22}
	EndGlobalSection
EndGlobal
