
Microsoft Visual Studio Solution File, Format Version 12.00
# Visual Studio Version 16
VisualStudioVersion = 16.0.29102.190
MinimumVisualStudioVersion = 10.0.40219.1
Project("{9A19103F-16F7-4668-BE54-9A1E7A4F7556}") = "MXGP", "MXGP\MXGP.csproj", "{6B7CFA3E-5910-4891-BD17-6F15C846ECE9}"
EndProject
Global
	GlobalSection(SolutionConfigurationPlatforms) = preSolution
		Debug|Any CPU = Debug|Any CPU
		Release|Any CPU = Release|Any CPU
	EndGlobalSection
	GlobalSection(ProjectConfigurationPlatforms) = postSolution
		{6B7CFA3E-5910-4891-BD17-6F15C846ECE9}.Debug|Any CPU.ActiveCfg = Debug|Any CPU
		{6B7CFA3E-5910-4891-BD17-6F15C846ECE9}.Debug|Any CPU.Build.0 = Debug|Any CPU
		{6B7CFA3E-5910-4891-BD17-6F15C846ECE9}.Release|Any CPU.ActiveCfg = Release|Any CPU
		{6B7CFA3E-5910-4891-BD17-6F15C846ECE9}.Release|Any CPU.Build.0 = Release|Any CPU
	EndGlobalSection
	GlobalSection(SolutionProperties) = preSolution
		HideSolutionNode = FALSE
	EndGlobalSection
	GlobalSection(ExtensibilityGlobals) = postSolution
		SolutionGuid = {23994E51-F864-48CB-AE2B-37D5D8B5915A}
	EndGlobalSection
EndGlobal
